
Microsoft Visual Studio Solution File, Format Version 12.00
# Visual Studio 15
VisualStudioVersion = 15.0.28307.1169
MinimumVisualStudioVersion = 10.0.40219.1
Project("{FAE04EC0-301F-11D3-BF4B-00C04F79EFBC}") = "RssReader", "RssReaderV2\RssReader.csproj", "{A5A8C810-4D8B-49DD-840E-43FE85EC0713}"
EndProject
Global
	GlobalSection(SolutionConfigurationPlatforms) = preSolution
		Debug|Any CPU = Debug|Any CPU
		Release|Any CPU = Release|Any CPU
	EndGlobalSection
	GlobalSection(ProjectConfigurationPlatforms) = postSolution
		{A5A8C810-4D8B-49DD-840E-43FE85EC0713}.Debug|Any CPU.ActiveCfg = Debug|Any CPU
		{A5A8C810-4D8B-49DD-840E-43FE85EC0713}.Debug|Any CPU.Build.0 = Debug|Any CPU
		{A5A8C810-4D8B-49DD-840E-43FE85EC0713}.Release|Any CPU.ActiveCfg = Release|Any CPU
		{A5A8C810-4D8B-49DD-840E-43FE85EC0713}.Release|Any CPU.Build.0 = Release|Any CPU
	EndGlobalSection
	GlobalSection(SolutionProperties) = preSolution
		HideSolutionNode = FALSE
	EndGlobalSection
	GlobalSection(ExtensibilityGlobals) = postSolution
		SolutionGuid = {A6F0801D-C334-4BEB-8D59-F98D8ED90387}
	EndGlobalSection
EndGlobal
